// !$*UTF8*$!
{
	archiveVersion = 1;
	classes = {
	};
	objectVersion = 46;
	objects = {

/* Begin PBXBuildFile section */
		071BA9FD1C5EC116003B3874 /* AppDelegate.swift in Sources */ = {isa = PBXBuildFile; fileRef = 071BA9FC1C5EC116003B3874 /* AppDelegate.swift */; };
		071BA9FF1C5EC116003B3874 /* ViewController.swift in Sources */ = {isa = PBXBuildFile; fileRef = 071BA9FE1C5EC116003B3874 /* ViewController.swift */; };
		071BAA021C5EC116003B3874 /* Main.storyboard in Resources */ = {isa = PBXBuildFile; fileRef = 071BAA001C5EC116003B3874 /* Main.storyboard */; };
		071BAA041C5EC116003B3874 /* Assets.xcassets in Resources */ = {isa = PBXBuildFile; fileRef = 071BAA031C5EC116003B3874 /* Assets.xcassets */; };
		071BAA071C5EC116003B3874 /* LaunchScreen.storyboard in Resources */ = {isa = PBXBuildFile; fileRef = 071BAA051C5EC116003B3874 /* LaunchScreen.storyboard */; };
		071BAA121C5EC116003B3874 /* FacebookTests.swift in Sources */ = {isa = PBXBuildFile; fileRef = 071BAA111C5EC116003B3874 /* FacebookTests.swift */; };
		071BAA1D1C5EC116003B3874 /* FacebookUITests.swift in Sources */ = {isa = PBXBuildFile; fileRef = 071BAA1C1C5EC116003B3874 /* FacebookUITests.swift */; };
		071BAA2B1C5EC84E003B3874 /* FeedViewController.swift in Sources */ = {isa = PBXBuildFile; fileRef = 071BAA2A1C5EC84E003B3874 /* FeedViewController.swift */; };
		071BAA2D1C5EC864003B3874 /* MessagesViewController.swift in Sources */ = {isa = PBXBuildFile; fileRef = 071BAA2C1C5EC864003B3874 /* MessagesViewController.swift */; };
		071BAA2F1C5EC876003B3874 /* RequestsViewController.swift in Sources */ = {isa = PBXBuildFile; fileRef = 071BAA2E1C5EC876003B3874 /* RequestsViewController.swift */; };
		071BAA311C5EC87E003B3874 /* NotificationsViewController.swift in Sources */ = {isa = PBXBuildFile; fileRef = 071BAA301C5EC87E003B3874 /* NotificationsViewController.swift */; };
		071BAA331C5EC884003B3874 /* MoreViewController.swift in Sources */ = {isa = PBXBuildFile; fileRef = 071BAA321C5EC884003B3874 /* MoreViewController.swift */; };
		071BAA371C5F1643003B3874 /* DetailViewController.swift in Sources */ = {isa = PBXBuildFile; fileRef = 071BAA361C5F1643003B3874 /* DetailViewController.swift */; };
		071BAA391C5F168F003B3874 /* CreateStatusViewController.swift in Sources */ = {isa = PBXBuildFile; fileRef = 071BAA381C5F168F003B3874 /* CreateStatusViewController.swift */; };
		071BAA3B1C5F169B003B3874 /* PostPhotoViewController.swift in Sources */ = {isa = PBXBuildFile; fileRef = 071BAA3A1C5F169B003B3874 /* PostPhotoViewController.swift */; };
		071BAA3D1C5F16A5003B3874 /* CheckInViewController.swift in Sources */ = {isa = PBXBuildFile; fileRef = 071BAA3C1C5F16A5003B3874 /* CheckInViewController.swift */; };
		07CDE8A61C6C25060041937A /* Common.swift in Sources */ = {isa = PBXBuildFile; fileRef = 07CDE8A51C6C25060041937A /* Common.swift */; };
		07CDE8A81C6C253F0041937A /* LoginViewController.swift in Sources */ = {isa = PBXBuildFile; fileRef = 07CDE8A71C6C253F0041937A /* LoginViewController.swift */; };
/* End PBXBuildFile section */

/* Begin PBXContainerItemProxy section */
		071BAA0E1C5EC116003B3874 /* PBXContainerItemProxy */ = {
			isa = PBXContainerItemProxy;
			containerPortal = 071BA9F11C5EC116003B3874 /* Project object */;
			proxyType = 1;
			remoteGlobalIDString = 071BA9F81C5EC116003B3874;
			remoteInfo = Facebook;
		};
		071BAA191C5EC116003B3874 /* PBXContainerItemProxy */ = {
			isa = PBXContainerItemProxy;
			containerPortal = 071BA9F11C5EC116003B3874 /* Project object */;
			proxyType = 1;
			remoteGlobalIDString = 071BA9F81C5EC116003B3874;
			remoteInfo = Facebook;
		};
/* End PBXContainerItemProxy section */

/* Begin PBXFileReference section */
		071BA9F91C5EC116003B3874 /* Facebook.app */ = {isa = PBXFileReference; explicitFileType = wrapper.application; includeInIndex = 0; path = Facebook.app; sourceTree = BUILT_PRODUCTS_DIR; };
		071BA9FC1C5EC116003B3874 /* AppDelegate.swift */ = {isa = PBXFileReference; lastKnownFileType = sourcecode.swift; path = AppDelegate.swift; sourceTree = "<group>"; };
		071BA9FE1C5EC116003B3874 /* ViewController.swift */ = {isa = PBXFileReference; lastKnownFileType = sourcecode.swift; path = ViewController.swift; sourceTree = "<group>"; };
		071BAA011C5EC116003B3874 /* Base */ = {isa = PBXFileReference; lastKnownFileType = file.storyboard; name = Base; path = Base.lproj/Main.storyboard; sourceTree = "<group>"; };
		071BAA031C5EC116003B3874 /* Assets.xcassets */ = {isa = PBXFileReference; lastKnownFileType = folder.assetcatalog; path = Assets.xcassets; sourceTree = "<group>"; };
		071BAA061C5EC116003B3874 /* Base */ = {isa = PBXFileReference; lastKnownFileType = file.storyboard; name = Base; path = Base.lproj/LaunchScreen.storyboard; sourceTree = "<group>"; };
		071BAA081C5EC116003B3874 /* Info.plist */ = {isa = PBXFileReference; lastKnownFileType = text.plist.xml; path = Info.plist; sourceTree = "<group>"; };
		071BAA0D1C5EC116003B3874 /* FacebookTests.xctest */ = {isa = PBXFileReference; explicitFileType = wrapper.cfbundle; includeInIndex = 0; path = FacebookTests.xctest; sourceTree = BUILT_PRODUCTS_DIR; };
		071BAA111C5EC116003B3874 /* FacebookTests.swift */ = {isa = PBXFileReference; lastKnownFileType = sourcecode.swift; path = FacebookTests.swift; sourceTree = "<group>"; };
		071BAA131C5EC116003B3874 /* Info.plist */ = {isa = PBXFileReference; lastKnownFileType = text.plist.xml; path = Info.plist; sourceTree = "<group>"; };
		071BAA181C5EC116003B3874 /* FacebookUITests.xctest */ = {isa = PBXFileReference; explicitFileType = wrapper.cfbundle; includeInIndex = 0; path = FacebookUITests.xctest; sourceTree = BUILT_PRODUCTS_DIR; };
		071BAA1C1C5EC116003B3874 /* FacebookUITests.swift */ = {isa = PBXFileReference; lastKnownFileType = sourcecode.swift; path = FacebookUITests.swift; sourceTree = "<group>"; };
		071BAA1E1C5EC116003B3874 /* Info.plist */ = {isa = PBXFileReference; lastKnownFileType = text.plist.xml; path = Info.plist; sourceTree = "<group>"; };
		071BAA2A1C5EC84E003B3874 /* FeedViewController.swift */ = {isa = PBXFileReference; fileEncoding = 4; lastKnownFileType = sourcecode.swift; path = FeedViewController.swift; sourceTree = "<group>"; };
		071BAA2C1C5EC864003B3874 /* MessagesViewController.swift */ = {isa = PBXFileReference; fileEncoding = 4; lastKnownFileType = sourcecode.swift; path = MessagesViewController.swift; sourceTree = "<group>"; };
		071BAA2E1C5EC876003B3874 /* RequestsViewController.swift */ = {isa = PBXFileReference; fileEncoding = 4; lastKnownFileType = sourcecode.swift; path = RequestsViewController.swift; sourceTree = "<group>"; };
		071BAA301C5EC87E003B3874 /* NotificationsViewController.swift */ = {isa = PBXFileReference; fileEncoding = 4; lastKnownFileType = sourcecode.swift; path = NotificationsViewController.swift; sourceTree = "<group>"; };
		071BAA321C5EC884003B3874 /* MoreViewController.swift */ = {isa = PBXFileReference; fileEncoding = 4; lastKnownFileType = sourcecode.swift; path = MoreViewController.swift; sourceTree = "<group>"; };
		071BAA361C5F1643003B3874 /* DetailViewController.swift */ = {isa = PBXFileReference; fileEncoding = 4; lastKnownFileType = sourcecode.swift; path = DetailViewController.swift; sourceTree = "<group>"; };
		071BAA381C5F168F003B3874 /* CreateStatusViewController.swift */ = {isa = PBXFileReference; fileEncoding = 4; lastKnownFileType = sourcecode.swift; path = CreateStatusViewController.swift; sourceTree = "<group>"; };
		071BAA3A1C5F169B003B3874 /* PostPhotoViewController.swift */ = {isa = PBXFileReference; fileEncoding = 4; lastKnownFileType = sourcecode.swift; path = PostPhotoViewController.swift; sourceTree = "<group>"; };
		071BAA3C1C5F16A5003B3874 /* CheckInViewController.swift */ = {isa = PBXFileReference; fileEncoding = 4; lastKnownFileType = sourcecode.swift; path = CheckInViewController.swift; sourceTree = "<group>"; };
		07CDE8A51C6C25060041937A /* Common.swift */ = {isa = PBXFileReference; fileEncoding = 4; lastKnownFileType = sourcecode.swift; path = Common.swift; sourceTree = "<group>"; };
		07CDE8A71C6C253F0041937A /* LoginViewController.swift */ = {isa = PBXFileReference; fileEncoding = 4; lastKnownFileType = sourcecode.swift; path = LoginViewController.swift; sourceTree = "<group>"; };
/* End PBXFileReference section */

/* Begin PBXFrameworksBuildPhase section */
		071BA9F61C5EC116003B3874 /* Frameworks */ = {
			isa = PBXFrameworksBuildPhase;
			buildActionMask = 2147483647;
			files = (
			);
			runOnlyForDeploymentPostprocessing = 0;
		};
		071BAA0A1C5EC116003B3874 /* Frameworks */ = {
			isa = PBXFrameworksBuildPhase;
			buildActionMask = 2147483647;
			files = (
			);
			runOnlyForDeploymentPostprocessing = 0;
		};
		071BAA151C5EC116003B3874 /* Frameworks */ = {
			isa = PBXFrameworksBuildPhase;
			buildActionMask = 2147483647;
			files = (
			);
			runOnlyForDeploymentPostprocessing = 0;
		};
/* End PBXFrameworksBuildPhase section */

/* Begin PBXGroup section */
		071BA9F01C5EC116003B3874 = {
			isa = PBXGroup;
			children = (
				071BA9FB1C5EC116003B3874 /* Facebook */,
				071BAA101C5EC116003B3874 /* FacebookTests */,
				071BAA1B1C5EC116003B3874 /* FacebookUITests */,
				071BA9FA1C5EC116003B3874 /* Products */,
			);
			sourceTree = "<group>";
		};
		071BA9FA1C5EC116003B3874 /* Products */ = {
			isa = PBXGroup;
			children = (
				071BA9F91C5EC116003B3874 /* Facebook.app */,
				071BAA0D1C5EC116003B3874 /* FacebookTests.xctest */,
				071BAA181C5EC116003B3874 /* FacebookUITests.xctest */,
			);
			name = Products;
			sourceTree = "<group>";
		};
		071BA9FB1C5EC116003B3874 /* Facebook */ = {
			isa = PBXGroup;
			children = (
				07CDE8A51C6C25060041937A /* Common.swift */,
				071BA9FC1C5EC116003B3874 /* AppDelegate.swift */,
				071BA9FE1C5EC116003B3874 /* ViewController.swift */,
				071BAA001C5EC116003B3874 /* Main.storyboard */,
				07CDE8A71C6C253F0041937A /* LoginViewController.swift */,
				071BAA2A1C5EC84E003B3874 /* FeedViewController.swift */,
				071BAA381C5F168F003B3874 /* CreateStatusViewController.swift */,
				071BAA3A1C5F169B003B3874 /* PostPhotoViewController.swift */,
				071BAA3C1C5F16A5003B3874 /* CheckInViewController.swift */,
				071BAA361C5F1643003B3874 /* DetailViewController.swift */,
				071BAA2E1C5EC876003B3874 /* RequestsViewController.swift */,
				071BAA2C1C5EC864003B3874 /* MessagesViewController.swift */,
				071BAA301C5EC87E003B3874 /* NotificationsViewController.swift */,
				071BAA321C5EC884003B3874 /* MoreViewController.swift */,
				071BAA031C5EC116003B3874 /* Assets.xcassets */,
				071BAA051C5EC116003B3874 /* LaunchScreen.storyboard */,
				071BAA081C5EC116003B3874 /* Info.plist */,
			);
			path = Facebook;
			sourceTree = "<group>";
		};
		071BAA101C5EC116003B3874 /* FacebookTests */ = {
			isa = PBXGroup;
			children = (
				071BAA111C5EC116003B3874 /* FacebookTests.swift */,
				071BAA131C5EC116003B3874 /* Info.plist */,
			);
			path = FacebookTests;
			sourceTree = "<group>";
		};
		071BAA1B1C5EC116003B3874 /* FacebookUITests */ = {
			isa = PBXGroup;
			children = (
				071BAA1C1C5EC116003B3874 /* FacebookUITests.swift */,
				071BAA1E1C5EC116003B3874 /* Info.plist */,
			);
			path = FacebookUITests;
			sourceTree = "<group>";
		};
/* End PBXGroup section */

/* Begin PBXNativeTarget section */
		071BA9F81C5EC116003B3874 /* Facebook */ = {
			isa = PBXNativeTarget;
			buildConfigurationList = 071BAA211C5EC116003B3874 /* Build configuration list for PBXNativeTarget "Facebook" */;
			buildPhases = (
				071BA9F51C5EC116003B3874 /* Sources */,
				071BA9F61C5EC116003B3874 /* Frameworks */,
				071BA9F71C5EC116003B3874 /* Resources */,
			);
			buildRules = (
			);
			dependencies = (
			);
			name = Facebook;
			productName = Facebook;
			productReference = 071BA9F91C5EC116003B3874 /* Facebook.app */;
			productType = "com.apple.product-type.application";
		};
		071BAA0C1C5EC116003B3874 /* FacebookTests */ = {
			isa = PBXNativeTarget;
			buildConfigurationList = 071BAA241C5EC116003B3874 /* Build configuration list for PBXNativeTarget "FacebookTests" */;
			buildPhases = (
				071BAA091C5EC116003B3874 /* Sources */,
				071BAA0A1C5EC116003B3874 /* Frameworks */,
				071BAA0B1C5EC116003B3874 /* Resources */,
			);
			buildRules = (
			);
			dependencies = (
				071BAA0F1C5EC116003B3874 /* PBXTargetDependency */,
			);
			name = FacebookTests;
			productName = FacebookTests;
			productReference = 071BAA0D1C5EC116003B3874 /* FacebookTests.xctest */;
			productType = "com.apple.product-type.bundle.unit-test";
		};
		071BAA171C5EC116003B3874 /* FacebookUITests */ = {
			isa = PBXNativeTarget;
			buildConfigurationList = 071BAA271C5EC116003B3874 /* Build configuration list for PBXNativeTarget "FacebookUITests" */;
			buildPhases = (
				071BAA141C5EC116003B3874 /* Sources */,
				071BAA151C5EC116003B3874 /* Frameworks */,
				071BAA161C5EC116003B3874 /* Resources */,
			);
			buildRules = (
			);
			dependencies = (
				071BAA1A1C5EC116003B3874 /* PBXTargetDependency */,
			);
			name = FacebookUITests;
			productName = FacebookUITests;
			productReference = 071BAA181C5EC116003B3874 /* FacebookUITests.xctest */;
			productType = "com.apple.product-type.bundle.ui-testing";
		};
/* End PBXNativeTarget section */

/* Begin PBXProject section */
		071BA9F11C5EC116003B3874 /* Project object */ = {
			isa = PBXProject;
			attributes = {
				LastSwiftUpdateCheck = 0720;
				LastUpgradeCheck = 0720;
				ORGANIZATIONNAME = "Vishay Nihalani";
				TargetAttributes = {
					071BA9F81C5EC116003B3874 = {
						CreatedOnToolsVersion = 7.2;
					};
					071BAA0C1C5EC116003B3874 = {
						CreatedOnToolsVersion = 7.2;
						TestTargetID = 071BA9F81C5EC116003B3874;
					};
					071BAA171C5EC116003B3874 = {
						CreatedOnToolsVersion = 7.2;
						TestTargetID = 071BA9F81C5EC116003B3874;
					};
				};
			};
			buildConfigurationList = 071BA9F41C5EC116003B3874 /* Build configuration list for PBXProject "Facebook" */;
			compatibilityVersion = "Xcode 3.2";
			developmentRegion = English;
			hasScannedForEncodings = 0;
			knownRegions = (
				en,
				Base,
			);
			mainGroup = 071BA9F01C5EC116003B3874;
			productRefGroup = 071BA9FA1C5EC116003B3874 /* Products */;
			projectDirPath = "";
			projectRoot = "";
			targets = (
				071BA9F81C5EC116003B3874 /* Facebook */,
				071BAA0C1C5EC116003B3874 /* FacebookTests */,
				071BAA171C5EC116003B3874 /* FacebookUITests */,
			);
		};
/* End PBXProject section */

/* Begin PBXResourcesBuildPhase section */
		071BA9F71C5EC116003B3874 /* Resources */ = {
			isa = PBXResourcesBuildPhase;
			buildActionMask = 2147483647;
			files = (
				071BAA071C5EC116003B3874 /* LaunchScreen.storyboard in Resources */,
				071BAA041C5EC116003B3874 /* Assets.xcassets in Resources */,
				071BAA021C5EC116003B3874 /* Main.storyboard in Resources */,
			);
			runOnlyForDeploymentPostprocessing = 0;
		};
		071BAA0B1C5EC116003B3874 /* Resources */ = {
			isa = PBXResourcesBuildPhase;
			buildActionMask = 2147483647;
			files = (
			);
			runOnlyForDeploymentPostprocessing = 0;
		};
		071BAA161C5EC116003B3874 /* Resources */ = {
			isa = PBXResourcesBuildPhase;
			buildActionMask = 2147483647;
			files = (
			);
			runOnlyForDeploymentPostprocessing = 0;
		};
/* End PBXResourcesBuildPhase section */

/* Begin PBXSourcesBuildPhase section */
		071BA9F51C5EC116003B3874 /* Sources */ = {
			isa = PBXSourcesBuildPhase;
			buildActionMask = 2147483647;
			files = (
				071BAA331C5EC884003B3874 /* MoreViewController.swift in Sources */,
				071BAA2F1C5EC876003B3874 /* RequestsViewController.swift in Sources */,
				071BA9FF1C5EC116003B3874 /* ViewController.swift in Sources */,
				071BAA3B1C5F169B003B3874 /* PostPhotoViewController.swift in Sources */,
				07CDE8A61C6C25060041937A /* Common.swift in Sources */,
				071BAA2B1C5EC84E003B3874 /* FeedViewController.swift in Sources */,
				071BAA311C5EC87E003B3874 /* NotificationsViewController.swift in Sources */,
				071BAA391C5F168F003B3874 /* CreateStatusViewController.swift in Sources */,
				071BAA2D1C5EC864003B3874 /* MessagesViewController.swift in Sources */,
				071BA9FD1C5EC116003B3874 /* AppDelegate.swift in Sources */,
				071BAA3D1C5F16A5003B3874 /* CheckInViewController.swift in Sources */,
				07CDE8A81C6C253F0041937A /* LoginViewController.swift in Sources */,
				071BAA371C5F1643003B3874 /* DetailViewController.swift in Sources */,
			);
			runOnlyForDeploymentPostprocessing = 0;
		};
		071BAA091C5EC116003B3874 /* Sources */ = {
			isa = PBXSourcesBuildPhase;
			buildActionMask = 2147483647;
			files = (
				071BAA121C5EC116003B3874 /* FacebookTests.swift in Sources */,
			);
			runOnlyForDeploymentPostprocessing = 0;
		};
		071BAA141C5EC116003B3874 /* Sources */ = {
			isa = PBXSourcesBuildPhase;
			buildActionMask = 2147483647;
			files = (
				071BAA1D1C5EC116003B3874 /* FacebookUITests.swift in Sources */,
			);
			runOnlyForDeploymentPostprocessing = 0;
		};
/* End PBXSourcesBuildPhase section */

/* Begin PBXTargetDependency section */
		071BAA0F1C5EC116003B3874 /* PBXTargetDependency */ = {
			isa = PBXTargetDependency;
			target = 071BA9F81C5EC116003B3874 /* Facebook */;
			targetProxy = 071BAA0E1C5EC116003B3874 /* PBXContainerItemProxy */;
		};
		071BAA1A1C5EC116003B3874 /* PBXTargetDependency */ = {
			isa = PBXTargetDependency;
			target = 071BA9F81C5EC116003B3874 /* Facebook */;
			targetProxy = 071BAA191C5EC116003B3874 /* PBXContainerItemProxy */;
		};
/* End PBXTargetDependency section */

/* Begin PBXVariantGroup section */
		071BAA001C5EC116003B3874 /* Main.storyboard */ = {
			isa = PBXVariantGroup;
			children = (
				071BAA011C5EC116003B3874 /* Base */,
			);
			name = Main.storyboard;
			sourceTree = "<group>";
		};
		071BAA051C5EC116003B3874 /* LaunchScreen.storyboard */ = {
			isa = PBXVariantGroup;
			children = (
				071BAA061C5EC116003B3874 /* Base */,
			);
			name = LaunchScreen.storyboard;
			sourceTree = "<group>";
		};
/* End PBXVariantGroup section */

/* Begin XCBuildConfiguration section */
		071BAA1F1C5EC116003B3874 /* Debug */ = {
			isa = XCBuildConfiguration;
			buildSettings = {
				ALWAYS_SEARCH_USER_PATHS = NO;
				CLANG_CXX_LANGUAGE_STANDARD = "gnu++0x";
				CLANG_CXX_LIBRARY = "libc++";
				CLANG_ENABLE_MODULES = YES;
				CLANG_ENABLE_OBJC_ARC = YES;
				CLANG_WARN_BOOL_CONVERSION = YES;
				CLANG_WARN_CONSTANT_CONVERSION = YES;
				CLANG_WARN_DIRECT_OBJC_ISA_USAGE = YES_ERROR;
				CLANG_WARN_EMPTY_BODY = YES;
				CLANG_WARN_ENUM_CONVERSION = YES;
				CLANG_WARN_INT_CONVERSION = YES;
				CLANG_WARN_OBJC_ROOT_CLASS = YES_ERROR;
				CLANG_WARN_UNREACHABLE_CODE = YES;
				CLANG_WARN__DUPLICATE_METHOD_MATCH = YES;
				"CODE_SIGN_IDENTITY[sdk=iphoneos*]" = "iPhone Developer";
				COPY_PHASE_STRIP = NO;
				DEBUG_INFORMATION_FORMAT = dwarf;
				ENABLE_STRICT_OBJC_MSGSEND = YES;
				ENABLE_TESTABILITY = YES;
				GCC_C_LANGUAGE_STANDARD = gnu99;
				GCC_DYNAMIC_NO_PIC = NO;
				GCC_NO_COMMON_BLOCKS = YES;
				GCC_OPTIMIZATION_LEVEL = 0;
				GCC_PREPROCESSOR_DEFINITIONS = (
					"DEBUG=1",
					"$(inherited)",
				);
				GCC_WARN_64_TO_32_BIT_CONVERSION = YES;
				GCC_WARN_ABOUT_RETURN_TYPE = YES_ERROR;
				GCC_WARN_UNDECLARED_SELECTOR = YES;
				GCC_WARN_UNINITIALIZED_AUTOS = YES_AGGRESSIVE;
				GCC_WARN_UNUSED_FUNCTION = YES;
				GCC_WARN_UNUSED_VARIABLE = YES;
				IPHONEOS_DEPLOYMENT_TARGET = 9.2;
				MTL_ENABLE_DEBUG_INFO = YES;
				ONLY_ACTIVE_ARCH = YES;
				SDKROOT = iphoneos;
				SWIFT_OPTIMIZATION_LEVEL = "-Onone";
			};
			name = Debug;
		};
		071BAA201C5EC116003B3874 /* Release */ = {
			isa = XCBuildConfiguration;
			buildSettings = {
				ALWAYS_SEARCH_USER_PATHS = NO;
				CLANG_CXX_LANGUAGE_STANDARD = "gnu++0x";
				CLANG_CXX_LIBRARY = "libc++";
				CLANG_ENABLE_MODULES = YES;
				CLANG_ENABLE_OBJC_ARC = YES;
				CLANG_WARN_BOOL_CONVERSION = YES;
				CLANG_WARN_CONSTANT_CONVERSION = YES;
				CLANG_WARN_DIRECT_OBJC_ISA_USAGE = YES_ERROR;
				CLANG_WARN_EMPTY_BODY = YES;
				CLANG_WARN_ENUM_CONVERSION = YES;
				CLANG_WARN_INT_CONVERSION = YES;
				CLANG_WARN_OBJC_ROOT_CLASS = YES_ERROR;
				CLANG_WARN_UNREACHABLE_CODE = YES;
				CLANG_WARN__DUPLICATE_METHOD_MATCH = YES;
				"CODE_SIGN_IDENTITY[sdk=iphoneos*]" = "iPhone Developer";
				COPY_PHASE_STRIP = NO;
				DEBUG_INFORMATION_FORMAT = "dwarf-with-dsym";
				ENABLE_NS_ASSERTIONS = NO;
				ENABLE_STRICT_OBJC_MSGSEND = YES;
				GCC_C_LANGUAGE_STANDARD = gnu99;
				GCC_NO_COMMON_BLOCKS = YES;
				GCC_WARN_64_TO_32_BIT_CONVERSION = YES;
				GCC_WARN_ABOUT_RETURN_TYPE = YES_ERROR;
				GCC_WARN_UNDECLARED_SELECTOR = YES;
				GCC_WARN_UNINITIALIZED_AUTOS = YES_AGGRESSIVE;
				GCC_WARN_UNUSED_FUNCTION = YES;
				GCC_WARN_UNUSED_VARIABLE = YES;
				IPHONEOS_DEPLOYMENT_TARGET = 9.2;
				MTL_ENABLE_DEBUG_INFO = NO;
				SDKROOT = iphoneos;
				VALIDATE_PRODUCT = YES;
			};
			name = Release;
		};
		071BAA221C5EC116003B3874 /* Debug */ = {
			isa = XCBuildConfiguration;
			buildSettings = {
				ASSETCATALOG_COMPILER_APPICON_NAME = AppIcon;
				INFOPLIST_FILE = Facebook/Info.plist;
				LD_RUNPATH_SEARCH_PATHS = "$(inherited) @executable_path/Frameworks";
				PRODUCT_BUNDLE_IDENTIFIER = com.codepath.Facebook;
				PRODUCT_NAME = "$(TARGET_NAME)";
			};
			name = Debug;
		};
		071BAA231C5EC116003B3874 /* Release */ = {
			isa = XCBuildConfiguration;
			buildSettings = {
				ASSETCATALOG_COMPILER_APPICON_NAME = AppIcon;
				INFOPLIST_FILE = Facebook/Info.plist;
				LD_RUNPATH_SEARCH_PATHS = "$(inherited) @executable_path/Frameworks";
				PRODUCT_BUNDLE_IDENTIFIER = com.codepath.Facebook;
				PRODUCT_NAME = "$(TARGET_NAME)";
			};
			name = Release;
		};
		071BAA251C5EC116003B3874 /* Debug */ = {
			isa = XCBuildConfiguration;
			buildSettings = {
				BUNDLE_LOADER = "$(TEST_HOST)";
				INFOPLIST_FILE = FacebookTests/Info.plist;
				LD_RUNPATH_SEARCH_PATHS = "$(inherited) @executable_path/Frameworks @loader_path/Frameworks";
				PRODUCT_BUNDLE_IDENTIFIER = com.codepath.FacebookTests;
				PRODUCT_NAME = "$(TARGET_NAME)";
				TEST_HOST = "$(BUILT_PRODUCTS_DIR)/Facebook.app/Facebook";
			};
			name = Debug;
		};
		071BAA261C5EC116003B3874 /* Release */ = {
			isa = XCBuildConfiguration;
			buildSettings = {
				BUNDLE_LOADER = "$(TEST_HOST)";
				INFOPLIST_FILE = FacebookTests/Info.plist;
				LD_RUNPATH_SEARCH_PATHS = "$(inherited) @executable_path/Frameworks @loader_path/Frameworks";
				PRODUCT_BUNDLE_IDENTIFIER = com.codepath.FacebookTests;
				PRODUCT_NAME = "$(TARGET_NAME)";
				TEST_HOST = "$(BUILT_PRODUCTS_DIR)/Facebook.app/Facebook";
			};
			name = Release;
		};
		071BAA281C5EC116003B3874 /* Debug */ = {
			isa = XCBuildConfiguration;
			buildSettings = {
				INFOPLIST_FILE = FacebookUITests/Info.plist;
				LD_RUNPATH_SEARCH_PATHS = "$(inherited) @executable_path/Frameworks @loader_path/Frameworks";
				PRODUCT_BUNDLE_IDENTIFIER = com.codepath.FacebookUITests;
				PRODUCT_NAME = "$(TARGET_NAME)";
				TEST_TARGET_NAME = Facebook;
				USES_XCTRUNNER = YES;
			};
			name = Debug;
		};
		071BAA291C5EC116003B3874 /* Release */ = {
			isa = XCBuildConfiguration;
			buildSettings = {
				INFOPLIST_FILE = FacebookUITests/Info.plist;
				LD_RUNPATH_SEARCH_PATHS = "$(inherited) @executable_path/Frameworks @loader_path/Frameworks";
				PRODUCT_BUNDLE_IDENTIFIER = com.codepath.FacebookUITests;
				PRODUCT_NAME = "$(TARGET_NAME)";
				TEST_TARGET_NAME = Facebook;
				USES_XCTRUNNER = YES;
			};
			name = Release;
		};
/* End XCBuildConfiguration section */

/* Begin XCConfigurationList section */
		071BA9F41C5EC116003B3874 /* Build configuration list for PBXProject "Facebook" */ = {
			isa = XCConfigurationList;
			buildConfigurations = (
				071BAA1F1C5EC116003B3874 /* Debug */,
				071BAA201C5EC116003B3874 /* Release */,
			);
			defaultConfigurationIsVisible = 0;
			defaultConfigurationName = Release;
		};
		071BAA211C5EC116003B3874 /* Build configuration list for PBXNativeTarget "Facebook" */ = {
			isa = XCConfigurationList;
			buildConfigurations = (
				071BAA221C5EC116003B3874 /* Debug */,
				071BAA231C5EC116003B3874 /* Release */,
			);
			defaultConfigurationIsVisible = 0;
			defaultConfigurationName = Release;
		};
		071BAA241C5EC116003B3874 /* Build configuration list for PBXNativeTarget "FacebookTests" */ = {
			isa = XCConfigurationList;
			buildConfigurations = (
				071BAA251C5EC116003B3874 /* Debug */,
				071BAA261C5EC116003B3874 /* Release */,
			);
			defaultConfigurationIsVisible = 0;
			defaultConfigurationName = Release;
		};
		071BAA271C5EC116003B3874 /* Build configuration list for PBXNativeTarget "FacebookUITests" */ = {
			isa = XCConfigurationList;
			buildConfigurations = (
				071BAA281C5EC116003B3874 /* Debug */,
				071BAA291C5EC116003B3874 /* Release */,
			);
			defaultConfigurationIsVisible = 0;
			defaultConfigurationName = Release;
		};
/* End XCConfigurationList section */
	};
	rootObject = 071BA9F11C5EC116003B3874 /* Project object */;
}
